// !$*UTF8*$!
{
	archiveVersion = 1;
	classes = {
	};
	objectVersion = 46;
	objects = {

/* Begin PBXBuildFile section */
		02F0B20C8557E3D25170DA83 /* libPods.a in Frameworks */ = {isa = PBXBuildFile; fileRef = 62371C1CB22ED6A559CA093C /* libPods.a */; };
		950A1BF21BCE5C9600800C2F /* STDataSource.m in Sources */ = {isa = PBXBuildFile; fileRef = 950A1BF11BCE5C9600800C2F /* STDataSource.m */; };
		953947321BD6CECF0051C475 /* STDataManager.m in Sources */ = {isa = PBXBuildFile; fileRef = 953947311BD6CECF0051C475 /* STDataManager.m */; };
		955C06BB1BD8C40D0097F882 /* STPost.m in Sources */ = {isa = PBXBuildFile; fileRef = 955C06BA1BD8C40D0097F882 /* STPost.m */; };
		957C2A881BC437F8004D636E /* STLoginViewController.m in Sources */ = {isa = PBXBuildFile; fileRef = 957C2A871BC437F8004D636E /* STLoginViewController.m */; };
		95BA4DD01BBEA81C00CB9D48 /* main.m in Sources */ = {isa = PBXBuildFile; fileRef = 95BA4DCF1BBEA81C00CB9D48 /* main.m */; };
		95BA4DD31BBEA81C00CB9D48 /* AppDelegate.m in Sources */ = {isa = PBXBuildFile; fileRef = 95BA4DD21BBEA81C00CB9D48 /* AppDelegate.m */; };
		95BA4DD91BBEA81C00CB9D48 /* STTableViewController.m in Sources */ = {isa = PBXBuildFile; fileRef = 95BA4DD81BBEA81C00CB9D48 /* STTableViewController.m */; };
		95BA4DDC1BBEA81C00CB9D48 /* Main.storyboard in Resources */ = {isa = PBXBuildFile; fileRef = 95BA4DDA1BBEA81C00CB9D48 /* Main.storyboard */; };
		95BA4DDE1BBEA81C00CB9D48 /* Images.xcassets in Resources */ = {isa = PBXBuildFile; fileRef = 95BA4DDD1BBEA81C00CB9D48 /* Images.xcassets */; };
		95BA4DE11BBEA81C00CB9D48 /* LaunchScreen.xib in Resources */ = {isa = PBXBuildFile; fileRef = 95BA4DDF1BBEA81C00CB9D48 /* LaunchScreen.xib */; };
		95BA4DED1BBEA81C00CB9D48 /* SeeTheRusticWorldTests.m in Sources */ = {isa = PBXBuildFile; fileRef = 95BA4DEC1BBEA81C00CB9D48 /* SeeTheRusticWorldTests.m */; };
		95BA4DFC1BBEAA0A00CB9D48 /* STCoreDataManager.m in Sources */ = {isa = PBXBuildFile; fileRef = 95BA4DFB1BBEAA0A00CB9D48 /* STCoreDataManager.m */; };
		95BA4E3C1BBEBA9600CB9D48 /* STMainViewController.m in Sources */ = {isa = PBXBuildFile; fileRef = 95BA4E3B1BBEBA9600CB9D48 /* STMainViewController.m */; };
		95BA4E3F1BBEBAEA00CB9D48 /* STContainerViewController.m in Sources */ = {isa = PBXBuildFile; fileRef = 95BA4E3E1BBEBAEA00CB9D48 /* STContainerViewController.m */; };
		95BA4E421BBEBAFC00CB9D48 /* STCollectionViewController.m in Sources */ = {isa = PBXBuildFile; fileRef = 95BA4E411BBEBAFC00CB9D48 /* STCollectionViewController.m */; };
		95BA4E451BBEC5EA00CB9D48 /* STCollectionViewCell.m in Sources */ = {isa = PBXBuildFile; fileRef = 95BA4E441BBEC5EA00CB9D48 /* STCollectionViewCell.m */; };
		95BA4E481BBEC60000CB9D48 /* STTableViewCell.m in Sources */ = {isa = PBXBuildFile; fileRef = 95BA4E471BBEC60000CB9D48 /* STTableViewCell.m */; };
		95BA4E4B1BBEC78500CB9D48 /* STServerManager.m in Sources */ = {isa = PBXBuildFile; fileRef = 95BA4E4A1BBEC78500CB9D48 /* STServerManager.m */; };
		95DCE8291BD6208800A31B08 /* STPost.xcdatamodeld in Sources */ = {isa = PBXBuildFile; fileRef = 95DCE8271BD6208800A31B08 /* STPost.xcdatamodeld */; };
		95DCE82A1BD6208800A31B08 /* STPost.xcdatamodeld in Sources */ = {isa = PBXBuildFile; fileRef = 95DCE8271BD6208800A31B08 /* STPost.xcdatamodeld */; };
/* End PBXBuildFile section */

/* Begin PBXContainerItemProxy section */
		95BA4DE71BBEA81C00CB9D48 /* PBXContainerItemProxy */ = {
			isa = PBXContainerItemProxy;
			containerPortal = 95BA4DC21BBEA81C00CB9D48 /* Project object */;
			proxyType = 1;
			remoteGlobalIDString = 95BA4DC91BBEA81C00CB9D48;
			remoteInfo = SeeTheRusticWorld;
		};
/* End PBXContainerItemProxy section */

/* Begin PBXFileReference section */
		16B47CAF4D5283D7D2D52736 /* Pods.debug.xcconfig */ = {isa = PBXFileReference; includeInIndex = 1; lastKnownFileType = text.xcconfig; name = Pods.debug.xcconfig; path = "Pods/Target Support Files/Pods/Pods.debug.xcconfig"; sourceTree = "<group>"; };
		2D3EF837E94D00EB8367AD2D /* Pods.release.xcconfig */ = {isa = PBXFileReference; includeInIndex = 1; lastKnownFileType = text.xcconfig; name = Pods.release.xcconfig; path = "Pods/Target Support Files/Pods/Pods.release.xcconfig"; sourceTree = "<group>"; };
		62371C1CB22ED6A559CA093C /* libPods.a */ = {isa = PBXFileReference; explicitFileType = archive.ar; includeInIndex = 0; path = libPods.a; sourceTree = BUILT_PRODUCTS_DIR; };
		950A1BF01BCE5C9600800C2F /* STDataSource.h */ = {isa = PBXFileReference; fileEncoding = 4; lastKnownFileType = sourcecode.c.h; path = STDataSource.h; sourceTree = "<group>"; };
		950A1BF11BCE5C9600800C2F /* STDataSource.m */ = {isa = PBXFileReference; fileEncoding = 4; lastKnownFileType = sourcecode.c.objc; path = STDataSource.m; sourceTree = "<group>"; };
		951353A31BCD6DBE006F86D7 /* STDefines.h */ = {isa = PBXFileReference; lastKnownFileType = sourcecode.c.h; path = STDefines.h; sourceTree = "<group>"; };
		953947301BD6CECF0051C475 /* STDataManager.h */ = {isa = PBXFileReference; fileEncoding = 4; lastKnownFileType = sourcecode.c.h; path = STDataManager.h; sourceTree = "<group>"; };
		953947311BD6CECF0051C475 /* STDataManager.m */ = {isa = PBXFileReference; fileEncoding = 4; lastKnownFileType = sourcecode.c.objc; path = STDataManager.m; sourceTree = "<group>"; };
		953F8F541BC976EC0074D3E1 /* PrefixHeader.pch */ = {isa = PBXFileReference; fileEncoding = 4; lastKnownFileType = sourcecode.c.h; name = PrefixHeader.pch; path = ../PrefixHeader.pch; sourceTree = "<group>"; };
		955C06B91BD8C40D0097F882 /* STPost.h */ = {isa = PBXFileReference; fileEncoding = 4; lastKnownFileType = sourcecode.c.h; path = STPost.h; sourceTree = "<group>"; };
		955C06BA1BD8C40D0097F882 /* STPost.m */ = {isa = PBXFileReference; fileEncoding = 4; lastKnownFileType = sourcecode.c.objc; path = STPost.m; sourceTree = "<group>"; };
		957C2A861BC437F8004D636E /* STLoginViewController.h */ = {isa = PBXFileReference; fileEncoding = 4; lastKnownFileType = sourcecode.c.h; path = STLoginViewController.h; sourceTree = "<group>"; };
		957C2A871BC437F8004D636E /* STLoginViewController.m */ = {isa = PBXFileReference; fileEncoding = 4; lastKnownFileType = sourcecode.c.objc; path = STLoginViewController.m; sourceTree = "<group>"; };
		95BA4DCA1BBEA81C00CB9D48 /* SeeTheRusticWorld.app */ = {isa = PBXFileReference; explicitFileType = wrapper.application; includeInIndex = 0; path = SeeTheRusticWorld.app; sourceTree = BUILT_PRODUCTS_DIR; };
		95BA4DCE1BBEA81C00CB9D48 /* Info.plist */ = {isa = PBXFileReference; lastKnownFileType = text.plist.xml; path = Info.plist; sourceTree = "<group>"; };
		95BA4DCF1BBEA81C00CB9D48 /* main.m */ = {isa = PBXFileReference; lastKnownFileType = sourcecode.c.objc; path = main.m; sourceTree = "<group>"; };
		95BA4DD11BBEA81C00CB9D48 /* AppDelegate.h */ = {isa = PBXFileReference; lastKnownFileType = sourcecode.c.h; path = AppDelegate.h; sourceTree = "<group>"; };
		95BA4DD21BBEA81C00CB9D48 /* AppDelegate.m */ = {isa = PBXFileReference; lastKnownFileType = sourcecode.c.objc; path = AppDelegate.m; sourceTree = "<group>"; };
		95BA4DD71BBEA81C00CB9D48 /* STTableViewController.h */ = {isa = PBXFileReference; lastKnownFileType = sourcecode.c.h; path = STTableViewController.h; sourceTree = "<group>"; };
		95BA4DD81BBEA81C00CB9D48 /* STTableViewController.m */ = {isa = PBXFileReference; lastKnownFileType = sourcecode.c.objc; path = STTableViewController.m; sourceTree = "<group>"; };
		95BA4DDB1BBEA81C00CB9D48 /* Base */ = {isa = PBXFileReference; lastKnownFileType = file.storyboard; name = Base; path = Base.lproj/Main.storyboard; sourceTree = "<group>"; };
		95BA4DDD1BBEA81C00CB9D48 /* Images.xcassets */ = {isa = PBXFileReference; lastKnownFileType = folder.assetcatalog; path = Images.xcassets; sourceTree = "<group>"; };
		95BA4DE01BBEA81C00CB9D48 /* Base */ = {isa = PBXFileReference; lastKnownFileType = file.xib; name = Base; path = Base.lproj/LaunchScreen.xib; sourceTree = "<group>"; };
		95BA4DE61BBEA81C00CB9D48 /* SeeTheRusticWorldTests.xctest */ = {isa = PBXFileReference; explicitFileType = wrapper.cfbundle; includeInIndex = 0; path = SeeTheRusticWorldTests.xctest; sourceTree = BUILT_PRODUCTS_DIR; };
		95BA4DEB1BBEA81C00CB9D48 /* Info.plist */ = {isa = PBXFileReference; lastKnownFileType = text.plist.xml; path = Info.plist; sourceTree = "<group>"; };
		95BA4DEC1BBEA81C00CB9D48 /* SeeTheRusticWorldTests.m */ = {isa = PBXFileReference; lastKnownFileType = sourcecode.c.objc; path = SeeTheRusticWorldTests.m; sourceTree = "<group>"; };
		95BA4DFA1BBEAA0A00CB9D48 /* STCoreDataManager.h */ = {isa = PBXFileReference; fileEncoding = 4; lastKnownFileType = sourcecode.c.h; path = STCoreDataManager.h; sourceTree = "<group>"; };
		95BA4DFB1BBEAA0A00CB9D48 /* STCoreDataManager.m */ = {isa = PBXFileReference; fileEncoding = 4; lastKnownFileType = sourcecode.c.objc; path = STCoreDataManager.m; sourceTree = "<group>"; };
		95BA4E3A1BBEBA9600CB9D48 /* STMainViewController.h */ = {isa = PBXFileReference; fileEncoding = 4; lastKnownFileType = sourcecode.c.h; path = STMainViewController.h; sourceTree = "<group>"; };
		95BA4E3B1BBEBA9600CB9D48 /* STMainViewController.m */ = {isa = PBXFileReference; fileEncoding = 4; lastKnownFileType = sourcecode.c.objc; path = STMainViewController.m; sourceTree = "<group>"; };
		95BA4E3D1BBEBAEA00CB9D48 /* STContainerViewController.h */ = {isa = PBXFileReference; fileEncoding = 4; lastKnownFileType = sourcecode.c.h; path = STContainerViewController.h; sourceTree = "<group>"; };
		95BA4E3E1BBEBAEA00CB9D48 /* STContainerViewController.m */ = {isa = PBXFileReference; fileEncoding = 4; lastKnownFileType = sourcecode.c.objc; path = STContainerViewController.m; sourceTree = "<group>"; };
		95BA4E401BBEBAFC00CB9D48 /* STCollectionViewController.h */ = {isa = PBXFileReference; fileEncoding = 4; lastKnownFileType = sourcecode.c.h; path = STCollectionViewController.h; sourceTree = "<group>"; };
		95BA4E411BBEBAFC00CB9D48 /* STCollectionViewController.m */ = {isa = PBXFileReference; fileEncoding = 4; lastKnownFileType = sourcecode.c.objc; path = STCollectionViewController.m; sourceTree = "<group>"; };
		95BA4E431BBEC5EA00CB9D48 /* STCollectionViewCell.h */ = {isa = PBXFileReference; fileEncoding = 4; lastKnownFileType = sourcecode.c.h; path = STCollectionViewCell.h; sourceTree = "<group>"; };
		95BA4E441BBEC5EA00CB9D48 /* STCollectionViewCell.m */ = {isa = PBXFileReference; fileEncoding = 4; lastKnownFileType = sourcecode.c.objc; path = STCollectionViewCell.m; sourceTree = "<group>"; };
		95BA4E461BBEC60000CB9D48 /* STTableViewCell.h */ = {isa = PBXFileReference; fileEncoding = 4; lastKnownFileType = sourcecode.c.h; path = STTableViewCell.h; sourceTree = "<group>"; };
		95BA4E471BBEC60000CB9D48 /* STTableViewCell.m */ = {isa = PBXFileReference; fileEncoding = 4; lastKnownFileType = sourcecode.c.objc; path = STTableViewCell.m; sourceTree = "<group>"; };
		95BA4E491BBEC78500CB9D48 /* STServerManager.h */ = {isa = PBXFileReference; fileEncoding = 4; lastKnownFileType = sourcecode.c.h; path = STServerManager.h; sourceTree = "<group>"; };
		95BA4E4A1BBEC78500CB9D48 /* STServerManager.m */ = {isa = PBXFileReference; fileEncoding = 4; lastKnownFileType = sourcecode.c.objc; path = STServerManager.m; sourceTree = "<group>"; };
		95DCE8281BD6208800A31B08 /* STPost.xcdatamodel */ = {isa = PBXFileReference; lastKnownFileType = wrapper.xcdatamodel; path = STPost.xcdatamodel; sourceTree = "<group>"; };
/* End PBXFileReference section */

/* Begin PBXFrameworksBuildPhase section */
		95BA4DC71BBEA81C00CB9D48 /* Frameworks */ = {
			isa = PBXFrameworksBuildPhase;
			buildActionMask = 2147483647;
			files = (
				02F0B20C8557E3D25170DA83 /* libPods.a in Frameworks */,
			);
			runOnlyForDeploymentPostprocessing = 0;
		};
		95BA4DE31BBEA81C00CB9D48 /* Frameworks */ = {
			isa = PBXFrameworksBuildPhase;
			buildActionMask = 2147483647;
			files = (
			);
			runOnlyForDeploymentPostprocessing = 0;
		};
/* End PBXFrameworksBuildPhase section */

/* Begin PBXGroup section */
		115CCB6C9916D76C7AE553A5 /* Pods */ = {
			isa = PBXGroup;
			children = (
				16B47CAF4D5283D7D2D52736 /* Pods.debug.xcconfig */,
				2D3EF837E94D00EB8367AD2D /* Pods.release.xcconfig */,
			);
			name = Pods;
			sourceTree = "<group>";
		};
		18183B4063D0675C9D2EE3F1 /* Frameworks */ = {
			isa = PBXGroup;
			children = (
				62371C1CB22ED6A559CA093C /* libPods.a */,
			);
			name = Frameworks;
			sourceTree = "<group>";
		};
		9539472F1BD6CE870051C475 /* Mapping */ = {
			isa = PBXGroup;
			children = (
				953947301BD6CECF0051C475 /* STDataManager.h */,
				953947311BD6CECF0051C475 /* STDataManager.m */,
			);
			name = Mapping;
			sourceTree = "<group>";
		};
		957C2A821BC436F8004D636E /* Test */ = {
			isa = PBXGroup;
			children = (
				951353A31BCD6DBE006F86D7 /* STDefines.h */,
			);
			name = Test;
			sourceTree = "<group>";
		};
		959C21641BD25C06004329D9 /* Server */ = {
			isa = PBXGroup;
			children = (
				95BA4E491BBEC78500CB9D48 /* STServerManager.h */,
				95BA4E4A1BBEC78500CB9D48 /* STServerManager.m */,
			);
			name = Server;
			sourceTree = "<group>";
		};
		95BA4DC11BBEA81C00CB9D48 = {
			isa = PBXGroup;
			children = (
				95BA4DCC1BBEA81C00CB9D48 /* SeeTheRusticWorld */,
				95BA4DE91BBEA81C00CB9D48 /* SeeTheRusticWorldTests */,
				95BA4DCB1BBEA81C00CB9D48 /* Products */,
				115CCB6C9916D76C7AE553A5 /* Pods */,
				18183B4063D0675C9D2EE3F1 /* Frameworks */,
			);
			sourceTree = "<group>";
		};
		95BA4DCB1BBEA81C00CB9D48 /* Products */ = {
			isa = PBXGroup;
			children = (
				95BA4DCA1BBEA81C00CB9D48 /* SeeTheRusticWorld.app */,
				95BA4DE61BBEA81C00CB9D48 /* SeeTheRusticWorldTests.xctest */,
			);
			name = Products;
			sourceTree = "<group>";
		};
		95BA4DCC1BBEA81C00CB9D48 /* SeeTheRusticWorld */ = {
			isa = PBXGroup;
			children = (
				95BA4DF91BBEA88200CB9D48 /* AppDelegate */,
				959C21641BD25C06004329D9 /* Server */,
				9539472F1BD6CE870051C475 /* Mapping */,
				95BA4E001BBEAC6200CB9D48 /* Data Source */,
				957C2A821BC436F8004D636E /* Test */,
				95BA4DF61BBEA82900CB9D48 /* Model */,
				95BA4DF71BBEA83600CB9D48 /* View */,
				95BA4DF81BBEA84300CB9D48 /* Controller */,
				95BA4DDA1BBEA81C00CB9D48 /* Main.storyboard */,
				95BA4DDD1BBEA81C00CB9D48 /* Images.xcassets */,
				95BA4DDF1BBEA81C00CB9D48 /* LaunchScreen.xib */,
				95BA4DCD1BBEA81C00CB9D48 /* Supporting Files */,
			);
			path = SeeTheRusticWorld;
			sourceTree = "<group>";
		};
		95BA4DCD1BBEA81C00CB9D48 /* Supporting Files */ = {
			isa = PBXGroup;
			children = (
				95BA4DCE1BBEA81C00CB9D48 /* Info.plist */,
				953F8F541BC976EC0074D3E1 /* PrefixHeader.pch */,
				95BA4DCF1BBEA81C00CB9D48 /* main.m */,
			);
			name = "Supporting Files";
			sourceTree = "<group>";
		};
		95BA4DE91BBEA81C00CB9D48 /* SeeTheRusticWorldTests */ = {
			isa = PBXGroup;
			children = (
				95BA4DEC1BBEA81C00CB9D48 /* SeeTheRusticWorldTests.m */,
				95BA4DEA1BBEA81C00CB9D48 /* Supporting Files */,
			);
			path = SeeTheRusticWorldTests;
			sourceTree = "<group>";
		};
		95BA4DEA1BBEA81C00CB9D48 /* Supporting Files */ = {
			isa = PBXGroup;
			children = (
				95BA4DEB1BBEA81C00CB9D48 /* Info.plist */,
			);
			name = "Supporting Files";
			sourceTree = "<group>";
		};
		95BA4DF61BBEA82900CB9D48 /* Model */ = {
			isa = PBXGroup;
			children = (
				955C06B91BD8C40D0097F882 /* STPost.h */,
				955C06BA1BD8C40D0097F882 /* STPost.m */,
				95DCE8271BD6208800A31B08 /* STPost.xcdatamodeld */,
			);
			name = Model;
			sourceTree = "<group>";
		};
		95BA4DF71BBEA83600CB9D48 /* View */ = {
			isa = PBXGroup;
			children = (
				95BA4E431BBEC5EA00CB9D48 /* STCollectionViewCell.h */,
				95BA4E441BBEC5EA00CB9D48 /* STCollectionViewCell.m */,
				95BA4E461BBEC60000CB9D48 /* STTableViewCell.h */,
				95BA4E471BBEC60000CB9D48 /* STTableViewCell.m */,
			);
			name = View;
			sourceTree = "<group>";
		};
		95BA4DF81BBEA84300CB9D48 /* Controller */ = {
			isa = PBXGroup;
			children = (
				95BA4E3A1BBEBA9600CB9D48 /* STMainViewController.h */,
				95BA4E3B1BBEBA9600CB9D48 /* STMainViewController.m */,
				957C2A861BC437F8004D636E /* STLoginViewController.h */,
				957C2A871BC437F8004D636E /* STLoginViewController.m */,
				95BA4E3D1BBEBAEA00CB9D48 /* STContainerViewController.h */,
				95BA4E3E1BBEBAEA00CB9D48 /* STContainerViewController.m */,
				95BA4DD71BBEA81C00CB9D48 /* STTableViewController.h */,
				95BA4DD81BBEA81C00CB9D48 /* STTableViewController.m */,
				95BA4E401BBEBAFC00CB9D48 /* STCollectionViewController.h */,
				95BA4E411BBEBAFC00CB9D48 /* STCollectionViewController.m */,
			);
			name = Controller;
			sourceTree = "<group>";
		};
		95BA4DF91BBEA88200CB9D48 /* AppDelegate */ = {
			isa = PBXGroup;
			children = (
				95BA4DD11BBEA81C00CB9D48 /* AppDelegate.h */,
				95BA4DD21BBEA81C00CB9D48 /* AppDelegate.m */,
			);
			name = AppDelegate;
			sourceTree = "<group>";
		};
		95BA4E001BBEAC6200CB9D48 /* Data Source */ = {
			isa = PBXGroup;
			children = (
				95BA4DFA1BBEAA0A00CB9D48 /* STCoreDataManager.h */,
				95BA4DFB1BBEAA0A00CB9D48 /* STCoreDataManager.m */,
				950A1BF01BCE5C9600800C2F /* STDataSource.h */,
				950A1BF11BCE5C9600800C2F /* STDataSource.m */,
			);
			name = "Data Source";
			sourceTree = "<group>";
		};
/* End PBXGroup section */

/* Begin PBXNativeTarget section */
		95BA4DC91BBEA81C00CB9D48 /* SeeTheRusticWorld */ = {
			isa = PBXNativeTarget;
			buildConfigurationList = 95BA4DF01BBEA81C00CB9D48 /* Build configuration list for PBXNativeTarget "SeeTheRusticWorld" */;
			buildPhases = (
				B9FBC478232708216D958E66 /* Check Pods Manifest.lock */,
				95BA4DC61BBEA81C00CB9D48 /* Sources */,
				95BA4DC71BBEA81C00CB9D48 /* Frameworks */,
				95BA4DC81BBEA81C00CB9D48 /* Resources */,
				69B86BC63B116730B1AB1636 /* Embed Pods Frameworks */,
				ABCD8F7F5F8CA8DD62985275 /* Copy Pods Resources */,
			);
			buildRules = (
			);
			dependencies = (
			);
			name = SeeTheRusticWorld;
			productName = SeeTheRusticWorld;
			productReference = 95BA4DCA1BBEA81C00CB9D48 /* SeeTheRusticWorld.app */;
			productType = "com.apple.product-type.application";
		};
		95BA4DE51BBEA81C00CB9D48 /* SeeTheRusticWorldTests */ = {
			isa = PBXNativeTarget;
			buildConfigurationList = 95BA4DF31BBEA81C00CB9D48 /* Build configuration list for PBXNativeTarget "SeeTheRusticWorldTests" */;
			buildPhases = (
				95BA4DE21BBEA81C00CB9D48 /* Sources */,
				95BA4DE31BBEA81C00CB9D48 /* Frameworks */,
				95BA4DE41BBEA81C00CB9D48 /* Resources */,
			);
			buildRules = (
			);
			dependencies = (
				95BA4DE81BBEA81C00CB9D48 /* PBXTargetDependency */,
			);
			name = SeeTheRusticWorldTests;
			productName = SeeTheRusticWorldTests;
			productReference = 95BA4DE61BBEA81C00CB9D48 /* SeeTheRusticWorldTests.xctest */;
			productType = "com.apple.product-type.bundle.unit-test";
		};
/* End PBXNativeTarget section */

/* Begin PBXProject section */
		95BA4DC21BBEA81C00CB9D48 /* Project object */ = {
			isa = PBXProject;
			attributes = {
				CLASSPREFIX = ST;
				LastUpgradeCheck = 0640;
				ORGANIZATIONNAME = anna;
				TargetAttributes = {
					95BA4DC91BBEA81C00CB9D48 = {
						CreatedOnToolsVersion = 6.4;
					};
					95BA4DE51BBEA81C00CB9D48 = {
						CreatedOnToolsVersion = 6.4;
						TestTargetID = 95BA4DC91BBEA81C00CB9D48;
					};
				};
			};
			buildConfigurationList = 95BA4DC51BBEA81C00CB9D48 /* Build configuration list for PBXProject "SeeTheRusticWorld" */;
			compatibilityVersion = "Xcode 3.2";
			developmentRegion = English;
			hasScannedForEncodings = 0;
			knownRegions = (
				en,
				Base,
			);
			mainGroup = 95BA4DC11BBEA81C00CB9D48;
			productRefGroup = 95BA4DCB1BBEA81C00CB9D48 /* Products */;
			projectDirPath = "";
			projectRoot = "";
			targets = (
				95BA4DC91BBEA81C00CB9D48 /* SeeTheRusticWorld */,
				95BA4DE51BBEA81C00CB9D48 /* SeeTheRusticWorldTests */,
			);
		};
/* End PBXProject section */

/* Begin PBXResourcesBuildPhase section */
		95BA4DC81BBEA81C00CB9D48 /* Resources */ = {
			isa = PBXResourcesBuildPhase;
			buildActionMask = 2147483647;
			files = (
				95BA4DDC1BBEA81C00CB9D48 /* Main.storyboard in Resources */,
				95BA4DE11BBEA81C00CB9D48 /* LaunchScreen.xib in Resources */,
				95BA4DDE1BBEA81C00CB9D48 /* Images.xcassets in Resources */,
			);
			runOnlyForDeploymentPostprocessing = 0;
		};
		95BA4DE41BBEA81C00CB9D48 /* Resources */ = {
			isa = PBXResourcesBuildPhase;
			buildActionMask = 2147483647;
			files = (
			);
			runOnlyForDeploymentPostprocessing = 0;
		};
/* End PBXResourcesBuildPhase section */

/* Begin PBXShellScriptBuildPhase section */
		69B86BC63B116730B1AB1636 /* Embed Pods Frameworks */ = {
			isa = PBXShellScriptBuildPhase;
			buildActionMask = 2147483647;
			files = (
			);
			inputPaths = (
			);
			name = "Embed Pods Frameworks";
			outputPaths = (
			);
			runOnlyForDeploymentPostprocessing = 0;
			shellPath = /bin/sh;
			shellScript = "\"${SRCROOT}/Pods/Target Support Files/Pods/Pods-frameworks.sh\"\n";
			showEnvVarsInLog = 0;
		};
		ABCD8F7F5F8CA8DD62985275 /* Copy Pods Resources */ = {
			isa = PBXShellScriptBuildPhase;
			buildActionMask = 2147483647;
			files = (
			);
			inputPaths = (
			);
			name = "Copy Pods Resources";
			outputPaths = (
			);
			runOnlyForDeploymentPostprocessing = 0;
			shellPath = /bin/sh;
			shellScript = "\"${SRCROOT}/Pods/Target Support Files/Pods/Pods-resources.sh\"\n";
			showEnvVarsInLog = 0;
		};
		B9FBC478232708216D958E66 /* Check Pods Manifest.lock */ = {
			isa = PBXShellScriptBuildPhase;
			buildActionMask = 2147483647;
			files = (
			);
			inputPaths = (
			);
			name = "Check Pods Manifest.lock";
			outputPaths = (
			);
			runOnlyForDeploymentPostprocessing = 0;
			shellPath = /bin/sh;
			shellScript = "diff \"${PODS_ROOT}/../Podfile.lock\" \"${PODS_ROOT}/Manifest.lock\" > /dev/null\nif [[ $? != 0 ]] ; then\n    cat << EOM\nerror: The sandbox is not in sync with the Podfile.lock. Run 'pod install' or update your CocoaPods installation.\nEOM\n    exit 1\nfi\n";
			showEnvVarsInLog = 0;
		};
/* End PBXShellScriptBuildPhase section */

/* Begin PBXSourcesBuildPhase section */
		95BA4DC61BBEA81C00CB9D48 /* Sources */ = {
			isa = PBXSourcesBuildPhase;
			buildActionMask = 2147483647;
			files = (
				95BA4DD31BBEA81C00CB9D48 /* AppDelegate.m in Sources */,
				95BA4DFC1BBEAA0A00CB9D48 /* STCoreDataManager.m in Sources */,
				95DCE8291BD6208800A31B08 /* STPost.xcdatamodeld in Sources */,
				95BA4DD01BBEA81C00CB9D48 /* main.m in Sources */,
				95BA4E451BBEC5EA00CB9D48 /* STCollectionViewCell.m in Sources */,
				95BA4E481BBEC60000CB9D48 /* STTableViewCell.m in Sources */,
				95BA4E421BBEBAFC00CB9D48 /* STCollectionViewController.m in Sources */,
				95BA4E4B1BBEC78500CB9D48 /* STServerManager.m in Sources */,
				955C06BB1BD8C40D0097F882 /* STPost.m in Sources */,
				957C2A881BC437F8004D636E /* STLoginViewController.m in Sources */,
				950A1BF21BCE5C9600800C2F /* STDataSource.m in Sources */,
				953947321BD6CECF0051C475 /* STDataManager.m in Sources */,
				95BA4E3F1BBEBAEA00CB9D48 /* STContainerViewController.m in Sources */,
				95BA4DD91BBEA81C00CB9D48 /* STTableViewController.m in Sources */,
				95BA4E3C1BBEBA9600CB9D48 /* STMainViewController.m in Sources */,
			);
			runOnlyForDeploymentPostprocessing = 0;
		};
		95BA4DE21BBEA81C00CB9D48 /* Sources */ = {
			isa = PBXSourcesBuildPhase;
			buildActionMask = 2147483647;
			files = (
				95DCE82A1BD6208800A31B08 /* STPost.xcdatamodeld in Sources */,
				95BA4DED1BBEA81C00CB9D48 /* SeeTheRusticWorldTests.m in Sources */,
			);
			runOnlyForDeploymentPostprocessing = 0;
		};
/* End PBXSourcesBuildPhase section */

/* Begin PBXTargetDependency section */
		95BA4DE81BBEA81C00CB9D48 /* PBXTargetDependency */ = {
			isa = PBXTargetDependency;
			target = 95BA4DC91BBEA81C00CB9D48 /* SeeTheRusticWorld */;
			targetProxy = 95BA4DE71BBEA81C00CB9D48 /* PBXContainerItemProxy */;
		};
/* End PBXTargetDependency section */

/* Begin PBXVariantGroup section */
		95BA4DDA1BBEA81C00CB9D48 /* Main.storyboard */ = {
			isa = PBXVariantGroup;
			children = (
				95BA4DDB1BBEA81C00CB9D48 /* Base */,
			);
			name = Main.storyboard;
			sourceTree = "<group>";
		};
		95BA4DDF1BBEA81C00CB9D48 /* LaunchScreen.xib */ = {
			isa = PBXVariantGroup;
			children = (
				95BA4DE01BBEA81C00CB9D48 /* Base */,
			);
			name = LaunchScreen.xib;
			sourceTree = "<group>";
		};
/* End PBXVariantGroup section */

/* Begin XCBuildConfiguration section */
		95BA4DEE1BBEA81C00CB9D48 /* Debug */ = {
			isa = XCBuildConfiguration;
			buildSettings = {
				ALWAYS_SEARCH_USER_PATHS = NO;
				CLANG_CXX_LANGUAGE_STANDARD = "gnu++0x";
				CLANG_CXX_LIBRARY = "libc++";
				CLANG_ENABLE_MODULES = YES;
				CLANG_ENABLE_OBJC_ARC = YES;
				CLANG_WARN_BOOL_CONVERSION = YES;
				CLANG_WARN_CONSTANT_CONVERSION = YES;
				CLANG_WARN_DIRECT_OBJC_ISA_USAGE = YES_ERROR;
				CLANG_WARN_EMPTY_BODY = YES;
				CLANG_WARN_ENUM_CONVERSION = YES;
				CLANG_WARN_INT_CONVERSION = YES;
				CLANG_WARN_OBJC_ROOT_CLASS = YES_ERROR;
				CLANG_WARN_UNREACHABLE_CODE = YES;
				CLANG_WARN__DUPLICATE_METHOD_MATCH = YES;
				"CODE_SIGN_IDENTITY[sdk=iphoneos*]" = "iPhone Developer";
				COPY_PHASE_STRIP = NO;
				DEBUG_INFORMATION_FORMAT = "dwarf-with-dsym";
				ENABLE_STRICT_OBJC_MSGSEND = YES;
				GCC_C_LANGUAGE_STANDARD = gnu99;
				GCC_DYNAMIC_NO_PIC = NO;
				GCC_NO_COMMON_BLOCKS = YES;
				GCC_OPTIMIZATION_LEVEL = 0;
				GCC_PREPROCESSOR_DEFINITIONS = (
					"DEBUG=1",
					"$(inherited)",
				);
				GCC_SYMBOLS_PRIVATE_EXTERN = NO;
				GCC_WARN_64_TO_32_BIT_CONVERSION = YES;
				GCC_WARN_ABOUT_RETURN_TYPE = YES_ERROR;
				GCC_WARN_UNDECLARED_SELECTOR = YES;
				GCC_WARN_UNINITIALIZED_AUTOS = YES_AGGRESSIVE;
				GCC_WARN_UNUSED_FUNCTION = YES;
				GCC_WARN_UNUSED_VARIABLE = YES;
				IPHONEOS_DEPLOYMENT_TARGET = 8.4;
				MTL_ENABLE_DEBUG_INFO = YES;
				ONLY_ACTIVE_ARCH = YES;
				SDKROOT = iphoneos;
				TARGETED_DEVICE_FAMILY = "1,2";
			};
			name = Debug;
		};
		95BA4DEF1BBEA81C00CB9D48 /* Release */ = {
			isa = XCBuildConfiguration;
			buildSettings = {
				ALWAYS_SEARCH_USER_PATHS = NO;
				CLANG_CXX_LANGUAGE_STANDARD = "gnu++0x";
				CLANG_CXX_LIBRARY = "libc++";
				CLANG_ENABLE_MODULES = YES;
				CLANG_ENABLE_OBJC_ARC = YES;
				CLANG_WARN_BOOL_CONVERSION = YES;
				CLANG_WARN_CONSTANT_CONVERSION = YES;
				CLANG_WARN_DIRECT_OBJC_ISA_USAGE = YES_ERROR;
				CLANG_WARN_EMPTY_BODY = YES;
				CLANG_WARN_ENUM_CONVERSION = YES;
				CLANG_WARN_INT_CONVERSION = YES;
				CLANG_WARN_OBJC_ROOT_CLASS = YES_ERROR;
				CLANG_WARN_UNREACHABLE_CODE = YES;
				CLANG_WARN__DUPLICATE_METHOD_MATCH = YES;
				"CODE_SIGN_IDENTITY[sdk=iphoneos*]" = "iPhone Developer";
				COPY_PHASE_STRIP = NO;
				DEBUG_INFORMATION_FORMAT = "dwarf-with-dsym";
				ENABLE_NS_ASSERTIONS = NO;
				ENABLE_STRICT_OBJC_MSGSEND = YES;
				GCC_C_LANGUAGE_STANDARD = gnu99;
				GCC_NO_COMMON_BLOCKS = YES;
				GCC_WARN_64_TO_32_BIT_CONVERSION = YES;
				GCC_WARN_ABOUT_RETURN_TYPE = YES_ERROR;
				GCC_WARN_UNDECLARED_SELECTOR = YES;
				GCC_WARN_UNINITIALIZED_AUTOS = YES_AGGRESSIVE;
				GCC_WARN_UNUSED_FUNCTION = YES;
				GCC_WARN_UNUSED_VARIABLE = YES;
				IPHONEOS_DEPLOYMENT_TARGET = 8.4;
				MTL_ENABLE_DEBUG_INFO = NO;
				SDKROOT = iphoneos;
				TARGETED_DEVICE_FAMILY = "1,2";
				VALIDATE_PRODUCT = YES;
			};
			name = Release;
		};
		95BA4DF11BBEA81C00CB9D48 /* Debug */ = {
			isa = XCBuildConfiguration;
			baseConfigurationReference = 16B47CAF4D5283D7D2D52736 /* Pods.debug.xcconfig */;
			buildSettings = {
				ASSETCATALOG_COMPILER_APPICON_NAME = AppIcon;
				GCC_PRECOMPILE_PREFIX_HEADER = YES;
				GCC_PREFIX_HEADER = $PROJECT_DIR/PrefixHeader.pch;
				INFOPLIST_FILE = SeeTheRusticWorld/Info.plist;
				LD_RUNPATH_SEARCH_PATHS = "$(inherited) @executable_path/Frameworks";
				PRODUCT_NAME = "$(TARGET_NAME)";
			};
			name = Debug;
		};
		95BA4DF21BBEA81C00CB9D48 /* Release */ = {
			isa = XCBuildConfiguration;
			baseConfigurationReference = 2D3EF837E94D00EB8367AD2D /* Pods.release.xcconfig */;
			buildSettings = {
				ASSETCATALOG_COMPILER_APPICON_NAME = AppIcon;
				GCC_PRECOMPILE_PREFIX_HEADER = YES;
				GCC_PREFIX_HEADER = $PROJECT_DIR/PrefixHeader.pch;
				GCC_PREPROCESSOR_DEFINITIONS = "";
				INFOPLIST_FILE = SeeTheRusticWorld/Info.plist;
				LD_RUNPATH_SEARCH_PATHS = "$(inherited) @executable_path/Frameworks";
				PRODUCT_NAME = "$(TARGET_NAME)";
			};
			name = Release;
		};
		95BA4DF41BBEA81C00CB9D48 /* Debug */ = {
			isa = XCBuildConfiguration;
			buildSettings = {
				BUNDLE_LOADER = "$(TEST_HOST)";
				FRAMEWORK_SEARCH_PATHS = (
					"$(SDKROOT)/Developer/Library/Frameworks",
					"$(inherited)",
				);
				GCC_PREPROCESSOR_DEFINITIONS = (
					"DEBUG=1",
					"$(inherited)",
				);
				INFOPLIST_FILE = SeeTheRusticWorldTests/Info.plist;
				LD_RUNPATH_SEARCH_PATHS = "$(inherited) @executable_path/Frameworks @loader_path/Frameworks";
				PRODUCT_NAME = "$(TARGET_NAME)";
				TEST_HOST = "$(BUILT_PRODUCTS_DIR)/SeeTheRusticWorld.app/SeeTheRusticWorld";
			};
			name = Debug;
		};
		95BA4DF51BBEA81C00CB9D48 /* Release */ = {
			isa = XCBuildConfiguration;
			buildSettings = {
				BUNDLE_LOADER = "$(TEST_HOST)";
				FRAMEWORK_SEARCH_PATHS = (
					"$(SDKROOT)/Developer/Library/Frameworks",
					"$(inherited)",
				);
				INFOPLIST_FILE = SeeTheRusticWorldTests/Info.plist;
				LD_RUNPATH_SEARCH_PATHS = "$(inherited) @executable_path/Frameworks @loader_path/Frameworks";
				PRODUCT_NAME = "$(TARGET_NAME)";
				TEST_HOST = "$(BUILT_PRODUCTS_DIR)/SeeTheRusticWorld.app/SeeTheRusticWorld";
			};
			name = Release;
		};
/* End XCBuildConfiguration section */

/* Begin XCConfigurationList section */
		95BA4DC51BBEA81C00CB9D48 /* Build configuration list for PBXProject "SeeTheRusticWorld" */ = {
			isa = XCConfigurationList;
			buildConfigurations = (
				95BA4DEE1BBEA81C00CB9D48 /* Debug */,
				95BA4DEF1BBEA81C00CB9D48 /* Release */,
			);
			defaultConfigurationIsVisible = 0;
			defaultConfigurationName = Release;
		};
		95BA4DF01BBEA81C00CB9D48 /* Build configuration list for PBXNativeTarget "SeeTheRusticWorld" */ = {
			isa = XCConfigurationList;
			buildConfigurations = (
				95BA4DF11BBEA81C00CB9D48 /* Debug */,
				95BA4DF21BBEA81C00CB9D48 /* Release */,
			);
			defaultConfigurationIsVisible = 0;
			defaultConfigurationName = Release;
		};
		95BA4DF31BBEA81C00CB9D48 /* Build configuration list for PBXNativeTarget "SeeTheRusticWorldTests" */ = {
			isa = XCConfigurationList;
			buildConfigurations = (
				95BA4DF41BBEA81C00CB9D48 /* Debug */,
				95BA4DF51BBEA81C00CB9D48 /* Release */,
			);
			defaultConfigurationIsVisible = 0;
			defaultConfigurationName = Release;
		};
/* End XCConfigurationList section */

/* Begin XCVersionGroup section */
		95DCE8271BD6208800A31B08 /* STPost.xcdatamodeld */ = {
			isa = XCVersionGroup;
			children = (
				95DCE8281BD6208800A31B08 /* STPost.xcdatamodel */,
			);
			currentVersion = 95DCE8281BD6208800A31B08 /* STPost.xcdatamodel */;
			path = STPost.xcdatamodeld;
			sourceTree = "<group>";
			versionGroupType = wrapper.xcdatamodel;
		};
/* End XCVersionGroup section */
	};
	rootObject = 95BA4DC21BBEA81C00CB9D48 /* Project object */;
}
