// !$*UTF8*$!
{
	archiveVersion = 1;
	classes = {
	};
	objectVersion = 46;
	objects = {

/* Begin PBXBuildFile section */
		950A1BF21BCE5C9600800C2F /* STDataSource.m in Sources */ = {isa = PBXBuildFile; fileRef = 950A1BF11BCE5C9600800C2F /* STDataSource.m */; };
		957C2A881BC437F8004D636E /* STLoginViewController.m in Sources */ = {isa = PBXBuildFile; fileRef = 957C2A871BC437F8004D636E /* STLoginViewController.m */; };
		9592DF4B1BC9513100CA2581 /* AFHTTPRequestOperation.m in Sources */ = {isa = PBXBuildFile; fileRef = 9592DF261BC9513000CA2581 /* AFHTTPRequestOperation.m */; };
		9592DF4C1BC9513100CA2581 /* AFHTTPRequestOperationManager.m in Sources */ = {isa = PBXBuildFile; fileRef = 9592DF281BC9513000CA2581 /* AFHTTPRequestOperationManager.m */; };
		9592DF4D1BC9513100CA2581 /* AFHTTPSessionManager.m in Sources */ = {isa = PBXBuildFile; fileRef = 9592DF2A1BC9513000CA2581 /* AFHTTPSessionManager.m */; };
		9592DF4E1BC9513100CA2581 /* AFNetworkReachabilityManager.m in Sources */ = {isa = PBXBuildFile; fileRef = 9592DF2D1BC9513000CA2581 /* AFNetworkReachabilityManager.m */; };
		9592DF4F1BC9513100CA2581 /* AFSecurityPolicy.m in Sources */ = {isa = PBXBuildFile; fileRef = 9592DF2F1BC9513000CA2581 /* AFSecurityPolicy.m */; };
		9592DF501BC9513100CA2581 /* AFURLConnectionOperation.m in Sources */ = {isa = PBXBuildFile; fileRef = 9592DF311BC9513000CA2581 /* AFURLConnectionOperation.m */; };
		9592DF511BC9513100CA2581 /* AFURLRequestSerialization.m in Sources */ = {isa = PBXBuildFile; fileRef = 9592DF331BC9513000CA2581 /* AFURLRequestSerialization.m */; };
		9592DF521BC9513100CA2581 /* AFURLResponseSerialization.m in Sources */ = {isa = PBXBuildFile; fileRef = 9592DF351BC9513100CA2581 /* AFURLResponseSerialization.m */; };
		9592DF531BC9513100CA2581 /* AFURLSessionManager.m in Sources */ = {isa = PBXBuildFile; fileRef = 9592DF371BC9513100CA2581 /* AFURLSessionManager.m */; };
		9592DF551BC9513100CA2581 /* UIActivityIndicatorView+AFNetworking.m in Sources */ = {isa = PBXBuildFile; fileRef = 9592DF3C1BC9513100CA2581 /* UIActivityIndicatorView+AFNetworking.m */; };
		9592DF561BC9513100CA2581 /* UIAlertView+AFNetworking.m in Sources */ = {isa = PBXBuildFile; fileRef = 9592DF3E1BC9513100CA2581 /* UIAlertView+AFNetworking.m */; };
		9592DF571BC9513100CA2581 /* UIButton+AFNetworking.m in Sources */ = {isa = PBXBuildFile; fileRef = 9592DF401BC9513100CA2581 /* UIButton+AFNetworking.m */; };
		9592DF581BC9513100CA2581 /* UIImageView+AFNetworking.m in Sources */ = {isa = PBXBuildFile; fileRef = 9592DF431BC9513100CA2581 /* UIImageView+AFNetworking.m */; };
		9592DF591BC9513100CA2581 /* UIProgressView+AFNetworking.m in Sources */ = {isa = PBXBuildFile; fileRef = 9592DF461BC9513100CA2581 /* UIProgressView+AFNetworking.m */; };
		9592DF5A1BC9513100CA2581 /* UIRefreshControl+AFNetworking.m in Sources */ = {isa = PBXBuildFile; fileRef = 9592DF481BC9513100CA2581 /* UIRefreshControl+AFNetworking.m */; };
		9592DF5B1BC9513100CA2581 /* UIWebView+AFNetworking.m in Sources */ = {isa = PBXBuildFile; fileRef = 9592DF4A1BC9513100CA2581 /* UIWebView+AFNetworking.m */; };
		95BA4DD01BBEA81C00CB9D48 /* main.m in Sources */ = {isa = PBXBuildFile; fileRef = 95BA4DCF1BBEA81C00CB9D48 /* main.m */; };
		95BA4DD31BBEA81C00CB9D48 /* AppDelegate.m in Sources */ = {isa = PBXBuildFile; fileRef = 95BA4DD21BBEA81C00CB9D48 /* AppDelegate.m */; };
		95BA4DD91BBEA81C00CB9D48 /* STTableViewController.m in Sources */ = {isa = PBXBuildFile; fileRef = 95BA4DD81BBEA81C00CB9D48 /* STTableViewController.m */; };
		95BA4DDC1BBEA81C00CB9D48 /* Main.storyboard in Resources */ = {isa = PBXBuildFile; fileRef = 95BA4DDA1BBEA81C00CB9D48 /* Main.storyboard */; };
		95BA4DDE1BBEA81C00CB9D48 /* Images.xcassets in Resources */ = {isa = PBXBuildFile; fileRef = 95BA4DDD1BBEA81C00CB9D48 /* Images.xcassets */; };
		95BA4DE11BBEA81C00CB9D48 /* LaunchScreen.xib in Resources */ = {isa = PBXBuildFile; fileRef = 95BA4DDF1BBEA81C00CB9D48 /* LaunchScreen.xib */; };
		95BA4DED1BBEA81C00CB9D48 /* SeeTheRusticWorldTests.m in Sources */ = {isa = PBXBuildFile; fileRef = 95BA4DEC1BBEA81C00CB9D48 /* SeeTheRusticWorldTests.m */; };
		95BA4DFC1BBEAA0A00CB9D48 /* STCoreDataManager.m in Sources */ = {isa = PBXBuildFile; fileRef = 95BA4DFB1BBEAA0A00CB9D48 /* STCoreDataManager.m */; };
		95BA4E3C1BBEBA9600CB9D48 /* STMainViewController.m in Sources */ = {isa = PBXBuildFile; fileRef = 95BA4E3B1BBEBA9600CB9D48 /* STMainViewController.m */; };
		95BA4E3F1BBEBAEA00CB9D48 /* STContainerViewController.m in Sources */ = {isa = PBXBuildFile; fileRef = 95BA4E3E1BBEBAEA00CB9D48 /* STContainerViewController.m */; };
		95BA4E421BBEBAFC00CB9D48 /* STCollectionViewController.m in Sources */ = {isa = PBXBuildFile; fileRef = 95BA4E411BBEBAFC00CB9D48 /* STCollectionViewController.m */; };
		95BA4E451BBEC5EA00CB9D48 /* STCollectionViewCell.m in Sources */ = {isa = PBXBuildFile; fileRef = 95BA4E441BBEC5EA00CB9D48 /* STCollectionViewCell.m */; };
		95BA4E481BBEC60000CB9D48 /* STTableViewCell.m in Sources */ = {isa = PBXBuildFile; fileRef = 95BA4E471BBEC60000CB9D48 /* STTableViewCell.m */; };
		95BA4E4B1BBEC78500CB9D48 /* STServerManager.m in Sources */ = {isa = PBXBuildFile; fileRef = 95BA4E4A1BBEC78500CB9D48 /* STServerManager.m */; };
		95DCE8131BD4F7E500A31B08 /* Default-568h@2x.png in Resources */ = {isa = PBXBuildFile; fileRef = 95DCE8121BD4F7E500A31B08 /* Default-568h@2x.png */; };
		95DCE8231BD5596100A31B08 /* STDataManager.m in Sources */ = {isa = PBXBuildFile; fileRef = 95DCE8221BD5596100A31B08 /* STDataManager.m */; };
		95DCE8291BD6208800A31B08 /* STPost.xcdatamodeld in Sources */ = {isa = PBXBuildFile; fileRef = 95DCE8271BD6208800A31B08 /* STPost.xcdatamodeld */; };
		95DCE82A1BD6208800A31B08 /* STPost.xcdatamodeld in Sources */ = {isa = PBXBuildFile; fileRef = 95DCE8271BD6208800A31B08 /* STPost.xcdatamodeld */; };
/* End PBXBuildFile section */

/* Begin PBXContainerItemProxy section */
		95BA4DE71BBEA81C00CB9D48 /* PBXContainerItemProxy */ = {
			isa = PBXContainerItemProxy;
			containerPortal = 95BA4DC21BBEA81C00CB9D48 /* Project object */;
			proxyType = 1;
			remoteGlobalIDString = 95BA4DC91BBEA81C00CB9D48;
			remoteInfo = SeeTheRusticWorld;
		};
/* End PBXContainerItemProxy section */

/* Begin PBXFileReference section */
		950A1BF01BCE5C9600800C2F /* STDataSource.h */ = {isa = PBXFileReference; fileEncoding = 4; lastKnownFileType = sourcecode.c.h; path = STDataSource.h; sourceTree = "<group>"; };
		950A1BF11BCE5C9600800C2F /* STDataSource.m */ = {isa = PBXFileReference; fileEncoding = 4; lastKnownFileType = sourcecode.c.objc; path = STDataSource.m; sourceTree = "<group>"; };
		951353A31BCD6DBE006F86D7 /* Defines.h */ = {isa = PBXFileReference; lastKnownFileType = sourcecode.c.h; path = Defines.h; sourceTree = "<group>"; };
		953F8F541BC976EC0074D3E1 /* PrefixHeader.pch */ = {isa = PBXFileReference; fileEncoding = 4; lastKnownFileType = sourcecode.c.h; name = PrefixHeader.pch; path = ../PrefixHeader.pch; sourceTree = "<group>"; };
		957C2A861BC437F8004D636E /* STLoginViewController.h */ = {isa = PBXFileReference; fileEncoding = 4; lastKnownFileType = sourcecode.c.h; path = STLoginViewController.h; sourceTree = "<group>"; };
		957C2A871BC437F8004D636E /* STLoginViewController.m */ = {isa = PBXFileReference; fileEncoding = 4; lastKnownFileType = sourcecode.c.objc; path = STLoginViewController.m; sourceTree = "<group>"; };
		958440811BD689680028FD5B /* STPost.h */ = {isa = PBXFileReference; fileEncoding = 4; lastKnownFileType = sourcecode.c.h; path = STPost.h; sourceTree = "<group>"; };
		958440821BD689680028FD5B /* STPost.m */ = {isa = PBXFileReference; fileEncoding = 4; lastKnownFileType = sourcecode.c.objc; path = STPost.m; sourceTree = "<group>"; };
		9592DF251BC9513000CA2581 /* AFHTTPRequestOperation.h */ = {isa = PBXFileReference; fileEncoding = 4; lastKnownFileType = sourcecode.c.h; path = AFHTTPRequestOperation.h; sourceTree = "<group>"; };
		9592DF261BC9513000CA2581 /* AFHTTPRequestOperation.m */ = {isa = PBXFileReference; fileEncoding = 4; lastKnownFileType = sourcecode.c.objc; path = AFHTTPRequestOperation.m; sourceTree = "<group>"; };
		9592DF271BC9513000CA2581 /* AFHTTPRequestOperationManager.h */ = {isa = PBXFileReference; fileEncoding = 4; lastKnownFileType = sourcecode.c.h; path = AFHTTPRequestOperationManager.h; sourceTree = "<group>"; };
		9592DF281BC9513000CA2581 /* AFHTTPRequestOperationManager.m */ = {isa = PBXFileReference; fileEncoding = 4; lastKnownFileType = sourcecode.c.objc; path = AFHTTPRequestOperationManager.m; sourceTree = "<group>"; };
		9592DF291BC9513000CA2581 /* AFHTTPSessionManager.h */ = {isa = PBXFileReference; fileEncoding = 4; lastKnownFileType = sourcecode.c.h; path = AFHTTPSessionManager.h; sourceTree = "<group>"; };
		9592DF2A1BC9513000CA2581 /* AFHTTPSessionManager.m */ = {isa = PBXFileReference; fileEncoding = 4; lastKnownFileType = sourcecode.c.objc; path = AFHTTPSessionManager.m; sourceTree = "<group>"; };
		9592DF2B1BC9513000CA2581 /* AFNetworking.h */ = {isa = PBXFileReference; fileEncoding = 4; lastKnownFileType = sourcecode.c.h; path = AFNetworking.h; sourceTree = "<group>"; };
		9592DF2C1BC9513000CA2581 /* AFNetworkReachabilityManager.h */ = {isa = PBXFileReference; fileEncoding = 4; lastKnownFileType = sourcecode.c.h; path = AFNetworkReachabilityManager.h; sourceTree = "<group>"; };
		9592DF2D1BC9513000CA2581 /* AFNetworkReachabilityManager.m */ = {isa = PBXFileReference; fileEncoding = 4; lastKnownFileType = sourcecode.c.objc; path = AFNetworkReachabilityManager.m; sourceTree = "<group>"; };
		9592DF2E1BC9513000CA2581 /* AFSecurityPolicy.h */ = {isa = PBXFileReference; fileEncoding = 4; lastKnownFileType = sourcecode.c.h; path = AFSecurityPolicy.h; sourceTree = "<group>"; };
		9592DF2F1BC9513000CA2581 /* AFSecurityPolicy.m */ = {isa = PBXFileReference; fileEncoding = 4; lastKnownFileType = sourcecode.c.objc; path = AFSecurityPolicy.m; sourceTree = "<group>"; };
		9592DF301BC9513000CA2581 /* AFURLConnectionOperation.h */ = {isa = PBXFileReference; fileEncoding = 4; lastKnownFileType = sourcecode.c.h; path = AFURLConnectionOperation.h; sourceTree = "<group>"; };
		9592DF311BC9513000CA2581 /* AFURLConnectionOperation.m */ = {isa = PBXFileReference; fileEncoding = 4; lastKnownFileType = sourcecode.c.objc; path = AFURLConnectionOperation.m; sourceTree = "<group>"; };
		9592DF321BC9513000CA2581 /* AFURLRequestSerialization.h */ = {isa = PBXFileReference; fileEncoding = 4; lastKnownFileType = sourcecode.c.h; path = AFURLRequestSerialization.h; sourceTree = "<group>"; };
		9592DF331BC9513000CA2581 /* AFURLRequestSerialization.m */ = {isa = PBXFileReference; fileEncoding = 4; lastKnownFileType = sourcecode.c.objc; path = AFURLRequestSerialization.m; sourceTree = "<group>"; };
		9592DF341BC9513000CA2581 /* AFURLResponseSerialization.h */ = {isa = PBXFileReference; fileEncoding = 4; lastKnownFileType = sourcecode.c.h; path = AFURLResponseSerialization.h; sourceTree = "<group>"; };
		9592DF351BC9513100CA2581 /* AFURLResponseSerialization.m */ = {isa = PBXFileReference; fileEncoding = 4; lastKnownFileType = sourcecode.c.objc; path = AFURLResponseSerialization.m; sourceTree = "<group>"; };
		9592DF361BC9513100CA2581 /* AFURLSessionManager.h */ = {isa = PBXFileReference; fileEncoding = 4; lastKnownFileType = sourcecode.c.h; path = AFURLSessionManager.h; sourceTree = "<group>"; };
		9592DF371BC9513100CA2581 /* AFURLSessionManager.m */ = {isa = PBXFileReference; fileEncoding = 4; lastKnownFileType = sourcecode.c.objc; path = AFURLSessionManager.m; sourceTree = "<group>"; };
		9592DF391BC9513100CA2581 /* AFNetworkActivityIndicatorManager.h */ = {isa = PBXFileReference; fileEncoding = 4; lastKnownFileType = sourcecode.c.h; path = AFNetworkActivityIndicatorManager.h; sourceTree = "<group>"; };
		9592DF3A1BC9513100CA2581 /* AFNetworkActivityIndicatorManager.m */ = {isa = PBXFileReference; fileEncoding = 4; lastKnownFileType = sourcecode.c.objc; path = AFNetworkActivityIndicatorManager.m; sourceTree = "<group>"; };
		9592DF3B1BC9513100CA2581 /* UIActivityIndicatorView+AFNetworking.h */ = {isa = PBXFileReference; fileEncoding = 4; lastKnownFileType = sourcecode.c.h; path = "UIActivityIndicatorView+AFNetworking.h"; sourceTree = "<group>"; };
		9592DF3C1BC9513100CA2581 /* UIActivityIndicatorView+AFNetworking.m */ = {isa = PBXFileReference; fileEncoding = 4; lastKnownFileType = sourcecode.c.objc; path = "UIActivityIndicatorView+AFNetworking.m"; sourceTree = "<group>"; };
		9592DF3D1BC9513100CA2581 /* UIAlertView+AFNetworking.h */ = {isa = PBXFileReference; fileEncoding = 4; lastKnownFileType = sourcecode.c.h; path = "UIAlertView+AFNetworking.h"; sourceTree = "<group>"; };
		9592DF3E1BC9513100CA2581 /* UIAlertView+AFNetworking.m */ = {isa = PBXFileReference; fileEncoding = 4; lastKnownFileType = sourcecode.c.objc; path = "UIAlertView+AFNetworking.m"; sourceTree = "<group>"; };
		9592DF3F1BC9513100CA2581 /* UIButton+AFNetworking.h */ = {isa = PBXFileReference; fileEncoding = 4; lastKnownFileType = sourcecode.c.h; path = "UIButton+AFNetworking.h"; sourceTree = "<group>"; };
		9592DF401BC9513100CA2581 /* UIButton+AFNetworking.m */ = {isa = PBXFileReference; fileEncoding = 4; lastKnownFileType = sourcecode.c.objc; path = "UIButton+AFNetworking.m"; sourceTree = "<group>"; };
		9592DF411BC9513100CA2581 /* UIImage+AFNetworking.h */ = {isa = PBXFileReference; fileEncoding = 4; lastKnownFileType = sourcecode.c.h; path = "UIImage+AFNetworking.h"; sourceTree = "<group>"; };
		9592DF421BC9513100CA2581 /* UIImageView+AFNetworking.h */ = {isa = PBXFileReference; fileEncoding = 4; lastKnownFileType = sourcecode.c.h; path = "UIImageView+AFNetworking.h"; sourceTree = "<group>"; };
		9592DF431BC9513100CA2581 /* UIImageView+AFNetworking.m */ = {isa = PBXFileReference; fileEncoding = 4; lastKnownFileType = sourcecode.c.objc; path = "UIImageView+AFNetworking.m"; sourceTree = "<group>"; };
		9592DF441BC9513100CA2581 /* UIKit+AFNetworking.h */ = {isa = PBXFileReference; fileEncoding = 4; lastKnownFileType = sourcecode.c.h; path = "UIKit+AFNetworking.h"; sourceTree = "<group>"; };
		9592DF451BC9513100CA2581 /* UIProgressView+AFNetworking.h */ = {isa = PBXFileReference; fileEncoding = 4; lastKnownFileType = sourcecode.c.h; path = "UIProgressView+AFNetworking.h"; sourceTree = "<group>"; };
		9592DF461BC9513100CA2581 /* UIProgressView+AFNetworking.m */ = {isa = PBXFileReference; fileEncoding = 4; lastKnownFileType = sourcecode.c.objc; path = "UIProgressView+AFNetworking.m"; sourceTree = "<group>"; };
		9592DF471BC9513100CA2581 /* UIRefreshControl+AFNetworking.h */ = {isa = PBXFileReference; fileEncoding = 4; lastKnownFileType = sourcecode.c.h; path = "UIRefreshControl+AFNetworking.h"; sourceTree = "<group>"; };
		9592DF481BC9513100CA2581 /* UIRefreshControl+AFNetworking.m */ = {isa = PBXFileReference; fileEncoding = 4; lastKnownFileType = sourcecode.c.objc; path = "UIRefreshControl+AFNetworking.m"; sourceTree = "<group>"; };
		9592DF491BC9513100CA2581 /* UIWebView+AFNetworking.h */ = {isa = PBXFileReference; fileEncoding = 4; lastKnownFileType = sourcecode.c.h; path = "UIWebView+AFNetworking.h"; sourceTree = "<group>"; };
		9592DF4A1BC9513100CA2581 /* UIWebView+AFNetworking.m */ = {isa = PBXFileReference; fileEncoding = 4; lastKnownFileType = sourcecode.c.objc; path = "UIWebView+AFNetworking.m"; sourceTree = "<group>"; };
		95BA4DCA1BBEA81C00CB9D48 /* SeeTheRusticWorld.app */ = {isa = PBXFileReference; explicitFileType = wrapper.application; includeInIndex = 0; path = SeeTheRusticWorld.app; sourceTree = BUILT_PRODUCTS_DIR; };
		95BA4DCE1BBEA81C00CB9D48 /* Info.plist */ = {isa = PBXFileReference; lastKnownFileType = text.plist.xml; path = Info.plist; sourceTree = "<group>"; };
		95BA4DCF1BBEA81C00CB9D48 /* main.m */ = {isa = PBXFileReference; lastKnownFileType = sourcecode.c.objc; path = main.m; sourceTree = "<group>"; };
		95BA4DD11BBEA81C00CB9D48 /* AppDelegate.h */ = {isa = PBXFileReference; lastKnownFileType = sourcecode.c.h; path = AppDelegate.h; sourceTree = "<group>"; };
		95BA4DD21BBEA81C00CB9D48 /* AppDelegate.m */ = {isa = PBXFileReference; lastKnownFileType = sourcecode.c.objc; path = AppDelegate.m; sourceTree = "<group>"; };
		95BA4DD71BBEA81C00CB9D48 /* STTableViewController.h */ = {isa = PBXFileReference; lastKnownFileType = sourcecode.c.h; path = STTableViewController.h; sourceTree = "<group>"; };
		95BA4DD81BBEA81C00CB9D48 /* STTableViewController.m */ = {isa = PBXFileReference; lastKnownFileType = sourcecode.c.objc; path = STTableViewController.m; sourceTree = "<group>"; };
		95BA4DDB1BBEA81C00CB9D48 /* Base */ = {isa = PBXFileReference; lastKnownFileType = file.storyboard; name = Base; path = Base.lproj/Main.storyboard; sourceTree = "<group>"; };
		95BA4DDD1BBEA81C00CB9D48 /* Images.xcassets */ = {isa = PBXFileReference; lastKnownFileType = folder.assetcatalog; path = Images.xcassets; sourceTree = "<group>"; };
		95BA4DE01BBEA81C00CB9D48 /* Base */ = {isa = PBXFileReference; lastKnownFileType = file.xib; name = Base; path = Base.lproj/LaunchScreen.xib; sourceTree = "<group>"; };
		95BA4DE61BBEA81C00CB9D48 /* SeeTheRusticWorldTests.xctest */ = {isa = PBXFileReference; explicitFileType = wrapper.cfbundle; includeInIndex = 0; path = SeeTheRusticWorldTests.xctest; sourceTree = BUILT_PRODUCTS_DIR; };
		95BA4DEB1BBEA81C00CB9D48 /* Info.plist */ = {isa = PBXFileReference; lastKnownFileType = text.plist.xml; path = Info.plist; sourceTree = "<group>"; };
		95BA4DEC1BBEA81C00CB9D48 /* SeeTheRusticWorldTests.m */ = {isa = PBXFileReference; lastKnownFileType = sourcecode.c.objc; path = SeeTheRusticWorldTests.m; sourceTree = "<group>"; };
		95BA4DFA1BBEAA0A00CB9D48 /* STCoreDataManager.h */ = {isa = PBXFileReference; fileEncoding = 4; lastKnownFileType = sourcecode.c.h; path = STCoreDataManager.h; sourceTree = "<group>"; };
		95BA4DFB1BBEAA0A00CB9D48 /* STCoreDataManager.m */ = {isa = PBXFileReference; fileEncoding = 4; lastKnownFileType = sourcecode.c.objc; path = STCoreDataManager.m; sourceTree = "<group>"; };
		95BA4E3A1BBEBA9600CB9D48 /* STMainViewController.h */ = {isa = PBXFileReference; fileEncoding = 4; lastKnownFileType = sourcecode.c.h; path = STMainViewController.h; sourceTree = "<group>"; };
		95BA4E3B1BBEBA9600CB9D48 /* STMainViewController.m */ = {isa = PBXFileReference; fileEncoding = 4; lastKnownFileType = sourcecode.c.objc; path = STMainViewController.m; sourceTree = "<group>"; };
		95BA4E3D1BBEBAEA00CB9D48 /* STContainerViewController.h */ = {isa = PBXFileReference; fileEncoding = 4; lastKnownFileType = sourcecode.c.h; path = STContainerViewController.h; sourceTree = "<group>"; };
		95BA4E3E1BBEBAEA00CB9D48 /* STContainerViewController.m */ = {isa = PBXFileReference; fileEncoding = 4; lastKnownFileType = sourcecode.c.objc; path = STContainerViewController.m; sourceTree = "<group>"; };
		95BA4E401BBEBAFC00CB9D48 /* STCollectionViewController.h */ = {isa = PBXFileReference; fileEncoding = 4; lastKnownFileType = sourcecode.c.h; path = STCollectionViewController.h; sourceTree = "<group>"; };
		95BA4E411BBEBAFC00CB9D48 /* STCollectionViewController.m */ = {isa = PBXFileReference; fileEncoding = 4; lastKnownFileType = sourcecode.c.objc; path = STCollectionViewController.m; sourceTree = "<group>"; };
		95BA4E431BBEC5EA00CB9D48 /* STCollectionViewCell.h */ = {isa = PBXFileReference; fileEncoding = 4; lastKnownFileType = sourcecode.c.h; path = STCollectionViewCell.h; sourceTree = "<group>"; };
		95BA4E441BBEC5EA00CB9D48 /* STCollectionViewCell.m */ = {isa = PBXFileReference; fileEncoding = 4; lastKnownFileType = sourcecode.c.objc; path = STCollectionViewCell.m; sourceTree = "<group>"; };
		95BA4E461BBEC60000CB9D48 /* STTableViewCell.h */ = {isa = PBXFileReference; fileEncoding = 4; lastKnownFileType = sourcecode.c.h; path = STTableViewCell.h; sourceTree = "<group>"; };
		95BA4E471BBEC60000CB9D48 /* STTableViewCell.m */ = {isa = PBXFileReference; fileEncoding = 4; lastKnownFileType = sourcecode.c.objc; path = STTableViewCell.m; sourceTree = "<group>"; };
		95BA4E491BBEC78500CB9D48 /* STServerManager.h */ = {isa = PBXFileReference; fileEncoding = 4; lastKnownFileType = sourcecode.c.h; path = STServerManager.h; sourceTree = "<group>"; };
		95BA4E4A1BBEC78500CB9D48 /* STServerManager.m */ = {isa = PBXFileReference; fileEncoding = 4; lastKnownFileType = sourcecode.c.objc; path = STServerManager.m; sourceTree = "<group>"; };
		95DCE8121BD4F7E500A31B08 /* Default-568h@2x.png */ = {isa = PBXFileReference; lastKnownFileType = image.png; path = "Default-568h@2x.png"; sourceTree = "<group>"; };
		95DCE8211BD5596100A31B08 /* STDataManager.h */ = {isa = PBXFileReference; fileEncoding = 4; lastKnownFileType = sourcecode.c.h; path = STDataManager.h; sourceTree = "<group>"; };
		95DCE8221BD5596100A31B08 /* STDataManager.m */ = {isa = PBXFileReference; fileEncoding = 4; lastKnownFileType = sourcecode.c.objc; path = STDataManager.m; sourceTree = "<group>"; };
		95DCE8281BD6208800A31B08 /* STPost.xcdatamodel */ = {isa = PBXFileReference; lastKnownFileType = wrapper.xcdatamodel; path = STPost.xcdatamodel; sourceTree = "<group>"; };
/* End PBXFileReference section */

/* Begin PBXFrameworksBuildPhase section */
		95BA4DC71BBEA81C00CB9D48 /* Frameworks */ = {
			isa = PBXFrameworksBuildPhase;
			buildActionMask = 2147483647;
			files = (
			);
			runOnlyForDeploymentPostprocessing = 0;
		};
		95BA4DE31BBEA81C00CB9D48 /* Frameworks */ = {
			isa = PBXFrameworksBuildPhase;
			buildActionMask = 2147483647;
			files = (
			);
			runOnlyForDeploymentPostprocessing = 0;
		};
/* End PBXFrameworksBuildPhase section */

/* Begin PBXGroup section */
		957C2A821BC436F8004D636E /* Test */ = {
			isa = PBXGroup;
			children = (
				951353A31BCD6DBE006F86D7 /* Defines.h */,
			);
			name = Test;
			sourceTree = "<group>";
		};
		9592DF231BC9513000CA2581 /* Libs */ = {
			isa = PBXGroup;
			children = (
				9592DF241BC9513000CA2581 /* AFNetworking */,
				9592DF381BC9513100CA2581 /* UIKit+AFNetworking */,
			);
			name = Libs;
			path = SeeTheRusticWorld/Libs;
			sourceTree = "<group>";
		};
		9592DF241BC9513000CA2581 /* AFNetworking */ = {
			isa = PBXGroup;
			children = (
				9592DF251BC9513000CA2581 /* AFHTTPRequestOperation.h */,
				9592DF261BC9513000CA2581 /* AFHTTPRequestOperation.m */,
				9592DF271BC9513000CA2581 /* AFHTTPRequestOperationManager.h */,
				9592DF281BC9513000CA2581 /* AFHTTPRequestOperationManager.m */,
				9592DF291BC9513000CA2581 /* AFHTTPSessionManager.h */,
				9592DF2A1BC9513000CA2581 /* AFHTTPSessionManager.m */,
				9592DF2B1BC9513000CA2581 /* AFNetworking.h */,
				9592DF2C1BC9513000CA2581 /* AFNetworkReachabilityManager.h */,
				9592DF2D1BC9513000CA2581 /* AFNetworkReachabilityManager.m */,
				9592DF2E1BC9513000CA2581 /* AFSecurityPolicy.h */,
				9592DF2F1BC9513000CA2581 /* AFSecurityPolicy.m */,
				9592DF301BC9513000CA2581 /* AFURLConnectionOperation.h */,
				9592DF311BC9513000CA2581 /* AFURLConnectionOperation.m */,
				9592DF321BC9513000CA2581 /* AFURLRequestSerialization.h */,
				9592DF331BC9513000CA2581 /* AFURLRequestSerialization.m */,
				9592DF341BC9513000CA2581 /* AFURLResponseSerialization.h */,
				9592DF351BC9513100CA2581 /* AFURLResponseSerialization.m */,
				9592DF361BC9513100CA2581 /* AFURLSessionManager.h */,
				9592DF371BC9513100CA2581 /* AFURLSessionManager.m */,
			);
			path = AFNetworking;
			sourceTree = "<group>";
		};
		9592DF381BC9513100CA2581 /* UIKit+AFNetworking */ = {
			isa = PBXGroup;
			children = (
				9592DF391BC9513100CA2581 /* AFNetworkActivityIndicatorManager.h */,
				9592DF3A1BC9513100CA2581 /* AFNetworkActivityIndicatorManager.m */,
				9592DF3B1BC9513100CA2581 /* UIActivityIndicatorView+AFNetworking.h */,
				9592DF3C1BC9513100CA2581 /* UIActivityIndicatorView+AFNetworking.m */,
				9592DF3D1BC9513100CA2581 /* UIAlertView+AFNetworking.h */,
				9592DF3E1BC9513100CA2581 /* UIAlertView+AFNetworking.m */,
				9592DF3F1BC9513100CA2581 /* UIButton+AFNetworking.h */,
				9592DF401BC9513100CA2581 /* UIButton+AFNetworking.m */,
				9592DF411BC9513100CA2581 /* UIImage+AFNetworking.h */,
				9592DF421BC9513100CA2581 /* UIImageView+AFNetworking.h */,
				9592DF431BC9513100CA2581 /* UIImageView+AFNetworking.m */,
				9592DF441BC9513100CA2581 /* UIKit+AFNetworking.h */,
				9592DF451BC9513100CA2581 /* UIProgressView+AFNetworking.h */,
				9592DF461BC9513100CA2581 /* UIProgressView+AFNetworking.m */,
				9592DF471BC9513100CA2581 /* UIRefreshControl+AFNetworking.h */,
				9592DF481BC9513100CA2581 /* UIRefreshControl+AFNetworking.m */,
				9592DF491BC9513100CA2581 /* UIWebView+AFNetworking.h */,
				9592DF4A1BC9513100CA2581 /* UIWebView+AFNetworking.m */,
			);
			path = "UIKit+AFNetworking";
			sourceTree = "<group>";
		};
		959C21641BD25C06004329D9 /* Server */ = {
			isa = PBXGroup;
			children = (
				95BA4E491BBEC78500CB9D48 /* STServerManager.h */,
				95BA4E4A1BBEC78500CB9D48 /* STServerManager.m */,
			);
			name = Server;
			sourceTree = "<group>";
		};
		95BA4DC11BBEA81C00CB9D48 = {
			isa = PBXGroup;
			children = (
				95DCE8121BD4F7E500A31B08 /* Default-568h@2x.png */,
				9592DF231BC9513000CA2581 /* Libs */,
				95BA4DCC1BBEA81C00CB9D48 /* SeeTheRusticWorld */,
				95BA4DE91BBEA81C00CB9D48 /* SeeTheRusticWorldTests */,
				95BA4DCB1BBEA81C00CB9D48 /* Products */,
			);
			sourceTree = "<group>";
		};
		95BA4DCB1BBEA81C00CB9D48 /* Products */ = {
			isa = PBXGroup;
			children = (
				95BA4DCA1BBEA81C00CB9D48 /* SeeTheRusticWorld.app */,
				95BA4DE61BBEA81C00CB9D48 /* SeeTheRusticWorldTests.xctest */,
			);
			name = Products;
			sourceTree = "<group>";
		};
		95BA4DCC1BBEA81C00CB9D48 /* SeeTheRusticWorld */ = {
			isa = PBXGroup;
			children = (
				95BA4DF91BBEA88200CB9D48 /* AppDelegate */,
				959C21641BD25C06004329D9 /* Server */,
				95DCE8201BD5590E00A31B08 /* Mapping */,
				95BA4E001BBEAC6200CB9D48 /* Data Source */,
				957C2A821BC436F8004D636E /* Test */,
				95BA4DF61BBEA82900CB9D48 /* Model */,
				95BA4DF71BBEA83600CB9D48 /* View */,
				95BA4DF81BBEA84300CB9D48 /* Controller */,
				95BA4DDA1BBEA81C00CB9D48 /* Main.storyboard */,
				95BA4DDD1BBEA81C00CB9D48 /* Images.xcassets */,
				95BA4DDF1BBEA81C00CB9D48 /* LaunchScreen.xib */,
				95BA4DCD1BBEA81C00CB9D48 /* Supporting Files */,
			);
			path = SeeTheRusticWorld;
			sourceTree = "<group>";
		};
		95BA4DCD1BBEA81C00CB9D48 /* Supporting Files */ = {
			isa = PBXGroup;
			children = (
				95BA4DCE1BBEA81C00CB9D48 /* Info.plist */,
				953F8F541BC976EC0074D3E1 /* PrefixHeader.pch */,
				95BA4DCF1BBEA81C00CB9D48 /* main.m */,
			);
			name = "Supporting Files";
			sourceTree = "<group>";
		};
		95BA4DE91BBEA81C00CB9D48 /* SeeTheRusticWorldTests */ = {
			isa = PBXGroup;
			children = (
				95BA4DEC1BBEA81C00CB9D48 /* SeeTheRusticWorldTests.m */,
				95BA4DEA1BBEA81C00CB9D48 /* Supporting Files */,
			);
			path = SeeTheRusticWorldTests;
			sourceTree = "<group>";
		};
		95BA4DEA1BBEA81C00CB9D48 /* Supporting Files */ = {
			isa = PBXGroup;
			children = (
				95BA4DEB1BBEA81C00CB9D48 /* Info.plist */,
			);
			name = "Supporting Files";
			sourceTree = "<group>";
		};
		95BA4DF61BBEA82900CB9D48 /* Model */ = {
			isa = PBXGroup;
			children = (
				95DCE8271BD6208800A31B08 /* STPost.xcdatamodeld */,
				958440811BD689680028FD5B /* STPost.h */,
				958440821BD689680028FD5B /* STPost.m */,
			);
			name = Model;
			sourceTree = "<group>";
		};
		95BA4DF71BBEA83600CB9D48 /* View */ = {
			isa = PBXGroup;
			children = (
				95BA4E431BBEC5EA00CB9D48 /* STCollectionViewCell.h */,
				95BA4E441BBEC5EA00CB9D48 /* STCollectionViewCell.m */,
				95BA4E461BBEC60000CB9D48 /* STTableViewCell.h */,
				95BA4E471BBEC60000CB9D48 /* STTableViewCell.m */,
			);
			name = View;
			sourceTree = "<group>";
		};
		95BA4DF81BBEA84300CB9D48 /* Controller */ = {
			isa = PBXGroup;
			children = (
				95BA4E3A1BBEBA9600CB9D48 /* STMainViewController.h */,
				95BA4E3B1BBEBA9600CB9D48 /* STMainViewController.m */,
				957C2A861BC437F8004D636E /* STLoginViewController.h */,
				957C2A871BC437F8004D636E /* STLoginViewController.m */,
				95BA4E3D1BBEBAEA00CB9D48 /* STContainerViewController.h */,
				95BA4E3E1BBEBAEA00CB9D48 /* STContainerViewController.m */,
				95BA4DD71BBEA81C00CB9D48 /* STTableViewController.h */,
				95BA4DD81BBEA81C00CB9D48 /* STTableViewController.m */,
				95BA4E401BBEBAFC00CB9D48 /* STCollectionViewController.h */,
				95BA4E411BBEBAFC00CB9D48 /* STCollectionViewController.m */,
			);
			name = Controller;
			sourceTree = "<group>";
		};
		95BA4DF91BBEA88200CB9D48 /* AppDelegate */ = {
			isa = PBXGroup;
			children = (
				95BA4DD11BBEA81C00CB9D48 /* AppDelegate.h */,
				95BA4DD21BBEA81C00CB9D48 /* AppDelegate.m */,
			);
			name = AppDelegate;
			sourceTree = "<group>";
		};
		95BA4E001BBEAC6200CB9D48 /* Data Source */ = {
			isa = PBXGroup;
			children = (
				95BA4DFA1BBEAA0A00CB9D48 /* STCoreDataManager.h */,
				95BA4DFB1BBEAA0A00CB9D48 /* STCoreDataManager.m */,
				950A1BF01BCE5C9600800C2F /* STDataSource.h */,
				950A1BF11BCE5C9600800C2F /* STDataSource.m */,
			);
			name = "Data Source";
			sourceTree = "<group>";
		};
		95DCE8201BD5590E00A31B08 /* Mapping */ = {
			isa = PBXGroup;
			children = (
				95DCE8211BD5596100A31B08 /* STDataManager.h */,
				95DCE8221BD5596100A31B08 /* STDataManager.m */,
			);
			name = Mapping;
			sourceTree = "<group>";
		};
/* End PBXGroup section */

/* Begin PBXNativeTarget section */
		95BA4DC91BBEA81C00CB9D48 /* SeeTheRusticWorld */ = {
			isa = PBXNativeTarget;
			buildConfigurationList = 95BA4DF01BBEA81C00CB9D48 /* Build configuration list for PBXNativeTarget "SeeTheRusticWorld" */;
			buildPhases = (
				95BA4DC61BBEA81C00CB9D48 /* Sources */,
				95BA4DC71BBEA81C00CB9D48 /* Frameworks */,
				95BA4DC81BBEA81C00CB9D48 /* Resources */,
			);
			buildRules = (
			);
			dependencies = (
			);
			name = SeeTheRusticWorld;
			productName = SeeTheRusticWorld;
			productReference = 95BA4DCA1BBEA81C00CB9D48 /* SeeTheRusticWorld.app */;
			productType = "com.apple.product-type.application";
		};
		95BA4DE51BBEA81C00CB9D48 /* SeeTheRusticWorldTests */ = {
			isa = PBXNativeTarget;
			buildConfigurationList = 95BA4DF31BBEA81C00CB9D48 /* Build configuration list for PBXNativeTarget "SeeTheRusticWorldTests" */;
			buildPhases = (
				95BA4DE21BBEA81C00CB9D48 /* Sources */,
				95BA4DE31BBEA81C00CB9D48 /* Frameworks */,
				95BA4DE41BBEA81C00CB9D48 /* Resources */,
			);
			buildRules = (
			);
			dependencies = (
				95BA4DE81BBEA81C00CB9D48 /* PBXTargetDependency */,
			);
			name = SeeTheRusticWorldTests;
			productName = SeeTheRusticWorldTests;
			productReference = 95BA4DE61BBEA81C00CB9D48 /* SeeTheRusticWorldTests.xctest */;
			productType = "com.apple.product-type.bundle.unit-test";
		};
/* End PBXNativeTarget section */

/* Begin PBXProject section */
		95BA4DC21BBEA81C00CB9D48 /* Project object */ = {
			isa = PBXProject;
			attributes = {
				CLASSPREFIX = ST;
				LastUpgradeCheck = 0640;
				ORGANIZATIONNAME = anna;
				TargetAttributes = {
					95BA4DC91BBEA81C00CB9D48 = {
						CreatedOnToolsVersion = 6.4;
					};
					95BA4DE51BBEA81C00CB9D48 = {
						CreatedOnToolsVersion = 6.4;
						TestTargetID = 95BA4DC91BBEA81C00CB9D48;
					};
				};
			};
			buildConfigurationList = 95BA4DC51BBEA81C00CB9D48 /* Build configuration list for PBXProject "SeeTheRusticWorld" */;
			compatibilityVersion = "Xcode 3.2";
			developmentRegion = English;
			hasScannedForEncodings = 0;
			knownRegions = (
				en,
				Base,
			);
			mainGroup = 95BA4DC11BBEA81C00CB9D48;
			productRefGroup = 95BA4DCB1BBEA81C00CB9D48 /* Products */;
			projectDirPath = "";
			projectRoot = "";
			targets = (
				95BA4DC91BBEA81C00CB9D48 /* SeeTheRusticWorld */,
				95BA4DE51BBEA81C00CB9D48 /* SeeTheRusticWorldTests */,
			);
		};
/* End PBXProject section */

/* Begin PBXResourcesBuildPhase section */
		95BA4DC81BBEA81C00CB9D48 /* Resources */ = {
			isa = PBXResourcesBuildPhase;
			buildActionMask = 2147483647;
			files = (
				95BA4DDC1BBEA81C00CB9D48 /* Main.storyboard in Resources */,
				95DCE8131BD4F7E500A31B08 /* Default-568h@2x.png in Resources */,
				95BA4DE11BBEA81C00CB9D48 /* LaunchScreen.xib in Resources */,
				95BA4DDE1BBEA81C00CB9D48 /* Images.xcassets in Resources */,
			);
			runOnlyForDeploymentPostprocessing = 0;
		};
		95BA4DE41BBEA81C00CB9D48 /* Resources */ = {
			isa = PBXResourcesBuildPhase;
			buildActionMask = 2147483647;
			files = (
			);
			runOnlyForDeploymentPostprocessing = 0;
		};
/* End PBXResourcesBuildPhase section */

/* Begin PBXSourcesBuildPhase section */
		95BA4DC61BBEA81C00CB9D48 /* Sources */ = {
			isa = PBXSourcesBuildPhase;
			buildActionMask = 2147483647;
			files = (
				95BA4DD31BBEA81C00CB9D48 /* AppDelegate.m in Sources */,
				9592DF551BC9513100CA2581 /* UIActivityIndicatorView+AFNetworking.m in Sources */,
				9592DF4C1BC9513100CA2581 /* AFHTTPRequestOperationManager.m in Sources */,
				95BA4DFC1BBEAA0A00CB9D48 /* STCoreDataManager.m in Sources */,
				95DCE8291BD6208800A31B08 /* STPost.xcdatamodeld in Sources */,
				95DCE8231BD5596100A31B08 /* STDataManager.m in Sources */,
				95BA4DD01BBEA81C00CB9D48 /* main.m in Sources */,
				95BA4E451BBEC5EA00CB9D48 /* STCollectionViewCell.m in Sources */,
				95BA4E481BBEC60000CB9D48 /* STTableViewCell.m in Sources */,
				95BA4E421BBEBAFC00CB9D48 /* STCollectionViewController.m in Sources */,
				9592DF581BC9513100CA2581 /* UIImageView+AFNetworking.m in Sources */,
				9592DF4D1BC9513100CA2581 /* AFHTTPSessionManager.m in Sources */,
				95BA4E4B1BBEC78500CB9D48 /* STServerManager.m in Sources */,
				9592DF5B1BC9513100CA2581 /* UIWebView+AFNetworking.m in Sources */,
				9592DF5A1BC9513100CA2581 /* UIRefreshControl+AFNetworking.m in Sources */,
				9592DF4E1BC9513100CA2581 /* AFNetworkReachabilityManager.m in Sources */,
				9592DF501BC9513100CA2581 /* AFURLConnectionOperation.m in Sources */,
				957C2A881BC437F8004D636E /* STLoginViewController.m in Sources */,
				950A1BF21BCE5C9600800C2F /* STDataSource.m in Sources */,
				9592DF591BC9513100CA2581 /* UIProgressView+AFNetworking.m in Sources */,
				9592DF4B1BC9513100CA2581 /* AFHTTPRequestOperation.m in Sources */,
				9592DF531BC9513100CA2581 /* AFURLSessionManager.m in Sources */,
				95BA4E3F1BBEBAEA00CB9D48 /* STContainerViewController.m in Sources */,
				95BA4DD91BBEA81C00CB9D48 /* STTableViewController.m in Sources */,
				9592DF4F1BC9513100CA2581 /* AFSecurityPolicy.m in Sources */,
				9592DF521BC9513100CA2581 /* AFURLResponseSerialization.m in Sources */,
				9592DF561BC9513100CA2581 /* UIAlertView+AFNetworking.m in Sources */,
				9592DF511BC9513100CA2581 /* AFURLRequestSerialization.m in Sources */,
				9592DF571BC9513100CA2581 /* UIButton+AFNetworking.m in Sources */,
				95BA4E3C1BBEBA9600CB9D48 /* STMainViewController.m in Sources */,
			);
			runOnlyForDeploymentPostprocessing = 0;
		};
		95BA4DE21BBEA81C00CB9D48 /* Sources */ = {
			isa = PBXSourcesBuildPhase;
			buildActionMask = 2147483647;
			files = (
				95DCE82A1BD6208800A31B08 /* STPost.xcdatamodeld in Sources */,
				95BA4DED1BBEA81C00CB9D48 /* SeeTheRusticWorldTests.m in Sources */,
			);
			runOnlyForDeploymentPostprocessing = 0;
		};
/* End PBXSourcesBuildPhase section */

/* Begin PBXTargetDependency section */
		95BA4DE81BBEA81C00CB9D48 /* PBXTargetDependency */ = {
			isa = PBXTargetDependency;
			target = 95BA4DC91BBEA81C00CB9D48 /* SeeTheRusticWorld */;
			targetProxy = 95BA4DE71BBEA81C00CB9D48 /* PBXContainerItemProxy */;
		};
/* End PBXTargetDependency section */

/* Begin PBXVariantGroup section */
		95BA4DDA1BBEA81C00CB9D48 /* Main.storyboard */ = {
			isa = PBXVariantGroup;
			children = (
				95BA4DDB1BBEA81C00CB9D48 /* Base */,
			);
			name = Main.storyboard;
			sourceTree = "<group>";
		};
		95BA4DDF1BBEA81C00CB9D48 /* LaunchScreen.xib */ = {
			isa = PBXVariantGroup;
			children = (
				95BA4DE01BBEA81C00CB9D48 /* Base */,
			);
			name = LaunchScreen.xib;
			sourceTree = "<group>";
		};
/* End PBXVariantGroup section */

/* Begin XCBuildConfiguration section */
		95BA4DEE1BBEA81C00CB9D48 /* Debug */ = {
			isa = XCBuildConfiguration;
			buildSettings = {
				ALWAYS_SEARCH_USER_PATHS = NO;
				CLANG_CXX_LANGUAGE_STANDARD = "gnu++0x";
				CLANG_CXX_LIBRARY = "libc++";
				CLANG_ENABLE_MODULES = YES;
				CLANG_ENABLE_OBJC_ARC = YES;
				CLANG_WARN_BOOL_CONVERSION = YES;
				CLANG_WARN_CONSTANT_CONVERSION = YES;
				CLANG_WARN_DIRECT_OBJC_ISA_USAGE = YES_ERROR;
				CLANG_WARN_EMPTY_BODY = YES;
				CLANG_WARN_ENUM_CONVERSION = YES;
				CLANG_WARN_INT_CONVERSION = YES;
				CLANG_WARN_OBJC_ROOT_CLASS = YES_ERROR;
				CLANG_WARN_UNREACHABLE_CODE = YES;
				CLANG_WARN__DUPLICATE_METHOD_MATCH = YES;
				"CODE_SIGN_IDENTITY[sdk=iphoneos*]" = "iPhone Developer";
				COPY_PHASE_STRIP = NO;
				DEBUG_INFORMATION_FORMAT = "dwarf-with-dsym";
				ENABLE_STRICT_OBJC_MSGSEND = YES;
				GCC_C_LANGUAGE_STANDARD = gnu99;
				GCC_DYNAMIC_NO_PIC = NO;
				GCC_NO_COMMON_BLOCKS = YES;
				GCC_OPTIMIZATION_LEVEL = 0;
				GCC_PREPROCESSOR_DEFINITIONS = (
					"DEBUG=1",
					"$(inherited)",
				);
				GCC_SYMBOLS_PRIVATE_EXTERN = NO;
				GCC_WARN_64_TO_32_BIT_CONVERSION = YES;
				GCC_WARN_ABOUT_RETURN_TYPE = YES_ERROR;
				GCC_WARN_UNDECLARED_SELECTOR = YES;
				GCC_WARN_UNINITIALIZED_AUTOS = YES_AGGRESSIVE;
				GCC_WARN_UNUSED_FUNCTION = YES;
				GCC_WARN_UNUSED_VARIABLE = YES;
				IPHONEOS_DEPLOYMENT_TARGET = 8.4;
				MTL_ENABLE_DEBUG_INFO = YES;
				ONLY_ACTIVE_ARCH = YES;
				SDKROOT = iphoneos;
				TARGETED_DEVICE_FAMILY = "1,2";
			};
			name = Debug;
		};
		95BA4DEF1BBEA81C00CB9D48 /* Release */ = {
			isa = XCBuildConfiguration;
			buildSettings = {
				ALWAYS_SEARCH_USER_PATHS = NO;
				CLANG_CXX_LANGUAGE_STANDARD = "gnu++0x";
				CLANG_CXX_LIBRARY = "libc++";
				CLANG_ENABLE_MODULES = YES;
				CLANG_ENABLE_OBJC_ARC = YES;
				CLANG_WARN_BOOL_CONVERSION = YES;
				CLANG_WARN_CONSTANT_CONVERSION = YES;
				CLANG_WARN_DIRECT_OBJC_ISA_USAGE = YES_ERROR;
				CLANG_WARN_EMPTY_BODY = YES;
				CLANG_WARN_ENUM_CONVERSION = YES;
				CLANG_WARN_INT_CONVERSION = YES;
				CLANG_WARN_OBJC_ROOT_CLASS = YES_ERROR;
				CLANG_WARN_UNREACHABLE_CODE = YES;
				CLANG_WARN__DUPLICATE_METHOD_MATCH = YES;
				"CODE_SIGN_IDENTITY[sdk=iphoneos*]" = "iPhone Developer";
				COPY_PHASE_STRIP = NO;
				DEBUG_INFORMATION_FORMAT = "dwarf-with-dsym";
				ENABLE_NS_ASSERTIONS = NO;
				ENABLE_STRICT_OBJC_MSGSEND = YES;
				GCC_C_LANGUAGE_STANDARD = gnu99;
				GCC_NO_COMMON_BLOCKS = YES;
				GCC_WARN_64_TO_32_BIT_CONVERSION = YES;
				GCC_WARN_ABOUT_RETURN_TYPE = YES_ERROR;
				GCC_WARN_UNDECLARED_SELECTOR = YES;
				GCC_WARN_UNINITIALIZED_AUTOS = YES_AGGRESSIVE;
				GCC_WARN_UNUSED_FUNCTION = YES;
				GCC_WARN_UNUSED_VARIABLE = YES;
				IPHONEOS_DEPLOYMENT_TARGET = 8.4;
				MTL_ENABLE_DEBUG_INFO = NO;
				SDKROOT = iphoneos;
				TARGETED_DEVICE_FAMILY = "1,2";
				VALIDATE_PRODUCT = YES;
			};
			name = Release;
		};
		95BA4DF11BBEA81C00CB9D48 /* Debug */ = {
			isa = XCBuildConfiguration;
			buildSettings = {
				ASSETCATALOG_COMPILER_APPICON_NAME = AppIcon;
				GCC_PRECOMPILE_PREFIX_HEADER = YES;
				GCC_PREFIX_HEADER = /Users/anna/Desktop/Yalantis/SeeTheRusticWorld/PrefixHeader.pch;
				INFOPLIST_FILE = SeeTheRusticWorld/Info.plist;
				LD_RUNPATH_SEARCH_PATHS = "$(inherited) @executable_path/Frameworks";
				PRODUCT_NAME = "$(TARGET_NAME)";
			};
			name = Debug;
		};
		95BA4DF21BBEA81C00CB9D48 /* Release */ = {
			isa = XCBuildConfiguration;
			buildSettings = {
				ASSETCATALOG_COMPILER_APPICON_NAME = AppIcon;
				GCC_PRECOMPILE_PREFIX_HEADER = YES;
				GCC_PREFIX_HEADER = /Users/anna/Desktop/Yalantis/SeeTheRusticWorld/PrefixHeader.pch;
				GCC_PREPROCESSOR_DEFINITIONS = "";
				INFOPLIST_FILE = SeeTheRusticWorld/Info.plist;
				LD_RUNPATH_SEARCH_PATHS = "$(inherited) @executable_path/Frameworks";
				PRODUCT_NAME = "$(TARGET_NAME)";
			};
			name = Release;
		};
		95BA4DF41BBEA81C00CB9D48 /* Debug */ = {
			isa = XCBuildConfiguration;
			buildSettings = {
				BUNDLE_LOADER = "$(TEST_HOST)";
				FRAMEWORK_SEARCH_PATHS = (
					"$(SDKROOT)/Developer/Library/Frameworks",
					"$(inherited)",
				);
				GCC_PREPROCESSOR_DEFINITIONS = (
					"DEBUG=1",
					"$(inherited)",
				);
				INFOPLIST_FILE = SeeTheRusticWorldTests/Info.plist;
				LD_RUNPATH_SEARCH_PATHS = "$(inherited) @executable_path/Frameworks @loader_path/Frameworks";
				PRODUCT_NAME = "$(TARGET_NAME)";
				TEST_HOST = "$(BUILT_PRODUCTS_DIR)/SeeTheRusticWorld.app/SeeTheRusticWorld";
			};
			name = Debug;
		};
		95BA4DF51BBEA81C00CB9D48 /* Release */ = {
			isa = XCBuildConfiguration;
			buildSettings = {
				BUNDLE_LOADER = "$(TEST_HOST)";
				FRAMEWORK_SEARCH_PATHS = (
					"$(SDKROOT)/Developer/Library/Frameworks",
					"$(inherited)",
				);
				INFOPLIST_FILE = SeeTheRusticWorldTests/Info.plist;
				LD_RUNPATH_SEARCH_PATHS = "$(inherited) @executable_path/Frameworks @loader_path/Frameworks";
				PRODUCT_NAME = "$(TARGET_NAME)";
				TEST_HOST = "$(BUILT_PRODUCTS_DIR)/SeeTheRusticWorld.app/SeeTheRusticWorld";
			};
			name = Release;
		};
/* End XCBuildConfiguration section */

/* Begin XCConfigurationList section */
		95BA4DC51BBEA81C00CB9D48 /* Build configuration list for PBXProject "SeeTheRusticWorld" */ = {
			isa = XCConfigurationList;
			buildConfigurations = (
				95BA4DEE1BBEA81C00CB9D48 /* Debug */,
				95BA4DEF1BBEA81C00CB9D48 /* Release */,
			);
			defaultConfigurationIsVisible = 0;
			defaultConfigurationName = Release;
		};
		95BA4DF01BBEA81C00CB9D48 /* Build configuration list for PBXNativeTarget "SeeTheRusticWorld" */ = {
			isa = XCConfigurationList;
			buildConfigurations = (
				95BA4DF11BBEA81C00CB9D48 /* Debug */,
				95BA4DF21BBEA81C00CB9D48 /* Release */,
			);
			defaultConfigurationIsVisible = 0;
			defaultConfigurationName = Release;
		};
		95BA4DF31BBEA81C00CB9D48 /* Build configuration list for PBXNativeTarget "SeeTheRusticWorldTests" */ = {
			isa = XCConfigurationList;
			buildConfigurations = (
				95BA4DF41BBEA81C00CB9D48 /* Debug */,
				95BA4DF51BBEA81C00CB9D48 /* Release */,
			);
			defaultConfigurationIsVisible = 0;
			defaultConfigurationName = Release;
		};
/* End XCConfigurationList section */

/* Begin XCVersionGroup section */
		95DCE8271BD6208800A31B08 /* STPost.xcdatamodeld */ = {
			isa = XCVersionGroup;
			children = (
				95DCE8281BD6208800A31B08 /* STPost.xcdatamodel */,
			);
			currentVersion = 95DCE8281BD6208800A31B08 /* STPost.xcdatamodel */;
			path = STPost.xcdatamodeld;
			sourceTree = "<group>";
			versionGroupType = wrapper.xcdatamodel;
		};
/* End XCVersionGroup section */
	};
	rootObject = 95BA4DC21BBEA81C00CB9D48 /* Project object */;
}
